
Microsoft Visual Studio Solution File, Format Version 12.00
# Visual Studio Version 16
VisualStudioVersion = 16.0.33423.256
MinimumVisualStudioVersion = 10.0.40219.1
Project("{8BC9CEB8-8B4A-11D0-8D11-00A0C91BC942}") = "tema32", "tema32.vcxproj", "{1D1AA350-3B74-443C-8C7E-199B6C326AC9}"
EndProject
Global
	GlobalSection(SolutionConfigurationPlatforms) = preSolution
		Debug|x64 = Debug|x64
		Debug|x86 = Debug|x86
		Release|x64 = Release|x64
		Release|x86 = Release|x86
	EndGlobalSection
	GlobalSection(ProjectConfigurationPlatforms) = postSolution
		{1D1AA350-3B74-443C-8C7E-199B6C326AC9}.Debug|x64.ActiveCfg = Debug|x64
		{1D1AA350-3B74-443C-8C7E-199B6C326AC9}.Debug|x64.Build.0 = Debug|x64
		{1D1AA350-3B74-443C-8C7E-199B6C326AC9}.Debug|x86.ActiveCfg = Debug|Win32
		{1D1AA350-3B74-443C-8C7E-199B6C326AC9}.Debug|x86.Build.0 = Debug|Win32
		{1D1AA350-3B74-443C-8C7E-199B6C326AC9}.Release|x64.ActiveCfg = Release|x64
		{1D1AA350-3B74-443C-8C7E-199B6C326AC9}.Release|x64.Build.0 = Release|x64
		{1D1AA350-3B74-443C-8C7E-199B6C326AC9}.Release|x86.ActiveCfg = Release|Win32
		{1D1AA350-3B74-443C-8C7E-199B6C326AC9}.Release|x86.Build.0 = Release|Win32
	EndGlobalSection
	GlobalSection(SolutionProperties) = preSolution
		HideSolutionNode = FALSE
	EndGlobalSection
	GlobalSection(ExtensibilityGlobals) = postSolution
		SolutionGuid = {C5D2099A-B00E-4E45-80E5-17CF197970B5}
	EndGlobalSection
EndGlobal
